
Microsoft Visual Studio Solution File, Format Version 12.00
# Visual Studio Version 16
VisualStudioVersion = 16.0.808.3
MinimumVisualStudioVersion = 10.0.40219.1
Project("{FAE04EC0-301F-11D3-BF4B-00C04F79EFBC}") = "Blackjack", "Blackjack.csproj", "{5DACF9CB-DBBE-40F3-9A6A-A8E8A47A22B6}"
EndProject
Global
	GlobalSection(SolutionConfigurationPlatforms) = preSolution
		Debug|Any CPU = Debug|Any CPU
		Release|Any CPU = Release|Any CPU
	EndGlobalSection
	GlobalSection(ProjectConfigurationPlatforms) = postSolution
		{5DACF9CB-DBBE-40F3-9A6A-A8E8A47A22B6}.Debug|Any CPU.ActiveCfg = Debug|Any CPU
		{5DACF9CB-DBBE-40F3-9A6A-A8E8A47A22B6}.Debug|Any CPU.Build.0 = Debug|Any CPU
		{5DACF9CB-DBBE-40F3-9A6A-A8E8A47A22B6}.Release|Any CPU.ActiveCfg = Release|Any CPU
		{5DACF9CB-DBBE-40F3-9A6A-A8E8A47A22B6}.Release|Any CPU.Build.0 = Release|Any CPU
	EndGlobalSection
	GlobalSection(SolutionProperties) = preSolution
		HideSolutionNode = FALSE
	EndGlobalSection
	GlobalSection(ExtensibilityGlobals) = postSolution
		SolutionGuid = {B1CF9CCD-2AA2-44F6-BD04-AA4F1E5E9355}
	EndGlobalSection
EndGlobal
